
Microsoft Visual Studio Solution File, Format Version 12.00
# Visual Studio Version 17
VisualStudioVersion = 17.11.35303.130
MinimumVisualStudioVersion = 10.0.40219.1
Project("{FAE04EC0-301F-11D3-BF4B-00C04F79EFBC}") = "HeatCalcServer", "HeatCalcServer.csproj", "{9CBF9E4B-F73F-427C-85FA-2A7CF9EEAF77}"
EndProject
Global
	GlobalSection(SolutionConfigurationPlatforms) = preSolution
		Debug|Any CPU = Debug|Any CPU
		Release|Any CPU = Release|Any CPU
	EndGlobalSection
	GlobalSection(ProjectConfigurationPlatforms) = postSolution
		{9CBF9E4B-F73F-427C-85FA-2A7CF9EEAF77}.Debug|Any CPU.ActiveCfg = Debug|Any CPU
		{9CBF9E4B-F73F-427C-85FA-2A7CF9EEAF77}.Debug|Any CPU.Build.0 = Debug|Any CPU
		{9CBF9E4B-F73F-427C-85FA-2A7CF9EEAF77}.Release|Any CPU.ActiveCfg = Release|Any CPU
		{9CBF9E4B-F73F-427C-85FA-2A7CF9EEAF77}.Release|Any CPU.Build.0 = Release|Any CPU
	EndGlobalSection
	GlobalSection(SolutionProperties) = preSolution
		HideSolutionNode = FALSE
	EndGlobalSection
	GlobalSection(ExtensibilityGlobals) = postSolution
		SolutionGuid = {AE66B373-AFA1-4D38-9111-701A3BCF4047}
	EndGlobalSection
EndGlobal
